github.com/emersion/go-sasl v0.0.0-20200509203442-7bfe0ed36a21 h1:OJyUGMJTzHTd1XQp98QTaHernxMYzRaOasRir9hUlFQ=
github.com/emersion/go-sasl v0.0.0-20200509203442-7bfe0ed36a21/go.mod h1:iL2twTeMvZnrg54ZoPDNfJaJaqy0xIQFuBdrLsmspwQ=
github.com/emersion/go-smtp v0.16.0 h1:eB9CY9527WdEZSs5sWisTmilDX7gG+Q/2IdRcmubpa8=
github.com/emersion/go-smtp v0.16.0/go.mod h1:qm27SGYgoIPRot6ubfQ/GpiPy/g3PaZAVRxiO/sDUgQ=
github.com/mnako/letters v0.1.1 h1:RDoclJwXHeKYtuOls6kWeqHpuSfZycmYJECq72KRT34=
github.com/mnako/letters v0.1.1/go.mod h1:KywsAkL0SskGzelJBprpZfWsLlswM9kP/wbMbz2xz6M=
golang.org/x/net v0.0.0-20220516155154-20f960328961 h1:+W/iTMPG0EL7aW+/atntZwZrvSRIj3m3yX414dSULUU=
golang.org/x/net v0.0.0-20220516155154-20f960328961/go.mod h1:CfG3xpIq0wQ8r1q4Su4UZFWDARRcnwPjda9FqA0JpMk=
golang.org/x/text v0.3.7 h1:olpwvP2KacW1ZWvsR7uQhoyTYvKAupfQrRGBFM352Gk=
golang.org/x/text v0.3.7/go.mod h1:u+2+/6zg+i71rQMx5EYifcz6MCKuco9NR6JIITiCfzQ=
